
Microsoft Visual Studio Solution File, Format Version 12.00
# Visual Studio Version 16
VisualStudioVersion = 16.0.29905.134
MinimumVisualStudioVersion = 10.0.40219.1
Project("{FAE04EC0-301F-11D3-BF4B-00C04F79EFBC}") = "MundoDeWumpus", "MundoDeWumpus\MundoDeWumpus.csproj", "{724C6596-C8F1-4FA2-B6C6-4D603B851A9A}"
EndProject
Global
	GlobalSection(SolutionConfigurationPlatforms) = preSolution
		Debug|Any CPU = Debug|Any CPU
		Release|Any CPU = Release|Any CPU
	EndGlobalSection
	GlobalSection(ProjectConfigurationPlatforms) = postSolution
		{724C6596-C8F1-4FA2-B6C6-4D603B851A9A}.Debug|Any CPU.ActiveCfg = Debug|Any CPU
		{724C6596-C8F1-4FA2-B6C6-4D603B851A9A}.Debug|Any CPU.Build.0 = Debug|Any CPU
		{724C6596-C8F1-4FA2-B6C6-4D603B851A9A}.Release|Any CPU.ActiveCfg = Release|Any CPU
		{724C6596-C8F1-4FA2-B6C6-4D603B851A9A}.Release|Any CPU.Build.0 = Release|Any CPU
	EndGlobalSection
	GlobalSection(SolutionProperties) = preSolution
		HideSolutionNode = FALSE
	EndGlobalSection
	GlobalSection(ExtensibilityGlobals) = postSolution
		SolutionGuid = {B8E8E9C8-0932-4B52-9DDC-8E230573F355}
	EndGlobalSection
EndGlobal
